
Microsoft Visual Studio Solution File, Format Version 12.00
# Visual Studio 15
VisualStudioVersion = 15.0.27004.2010
MinimumVisualStudioVersion = 10.0.40219.1
Project("{2150E333-8FDC-42A3-9474-1A3956D46DE8}") = "Solution Items", "Solution Items", "{A70B0924-6B09-464B-9BB4-29CCB5426943}"
	ProjectSection(SolutionItems) = preProject
		AzureUsageReport.pbix = AzureUsageReport.pbix
		ExcelReportDemo.gif = ExcelReportDemo.gif
		LICENSE = LICENSE
		PowerBiDemo.gif = PowerBiDemo.gif
		README.md = README.md
		SolutionDiagram.png = SolutionDiagram.png
		SolutionDiagram.vsdx = SolutionDiagram.vsdx
	EndProjectSection
EndProject
Project("{00D1A9C2-B5F0-4AF3-8072-F6C62B433612}") = "SqlServerDatabase", "SqlServerDatabase\SqlServerDatabase.sqlproj", "{2B0A2A5C-3032-4A09-8D8E-926ED3D8C6B7}"
EndProject
Project("{FAE04EC0-301F-11D3-BF4B-00C04F79EFBC}") = "DailyProcessingWebJob", "DailyProcessingWebJob\DailyProcessingWebJob.csproj", "{890B6778-E0D0-4730-8FFE-C80BF7ED5AF2}"
EndProject
Project("{6870E480-7721-4708-BFB8-9AE898AA21B3}") = "AnalysisServicesDatabase", "AnalysisServicesDatabase\AnalysisServicesDatabase.smproj", "{8CE414BB-95B2-4C99-9E03-51BA72086E22}"
EndProject
Global
	GlobalSection(SolutionConfigurationPlatforms) = preSolution
		Debug|Any CPU = Debug|Any CPU
		Debug|x86 = Debug|x86
		Development|Any CPU = Development|Any CPU
		Development|x86 = Development|x86
		Release|Any CPU = Release|Any CPU
		Release|x86 = Release|x86
	EndGlobalSection
	GlobalSection(ProjectConfigurationPlatforms) = postSolution
		{2B0A2A5C-3032-4A09-8D8E-926ED3D8C6B7}.Debug|Any CPU.ActiveCfg = Debug|Any CPU
		{2B0A2A5C-3032-4A09-8D8E-926ED3D8C6B7}.Debug|Any CPU.Build.0 = Debug|Any CPU
		{2B0A2A5C-3032-4A09-8D8E-926ED3D8C6B7}.Debug|Any CPU.Deploy.0 = Debug|Any CPU
		{2B0A2A5C-3032-4A09-8D8E-926ED3D8C6B7}.Debug|x86.ActiveCfg = Debug|Any CPU
		{2B0A2A5C-3032-4A09-8D8E-926ED3D8C6B7}.Debug|x86.Build.0 = Debug|Any CPU
		{2B0A2A5C-3032-4A09-8D8E-926ED3D8C6B7}.Debug|x86.Deploy.0 = Debug|Any CPU
		{2B0A2A5C-3032-4A09-8D8E-926ED3D8C6B7}.Development|Any CPU.ActiveCfg = Debug|Any CPU
		{2B0A2A5C-3032-4A09-8D8E-926ED3D8C6B7}.Development|Any CPU.Build.0 = Debug|Any CPU
		{2B0A2A5C-3032-4A09-8D8E-926ED3D8C6B7}.Development|Any CPU.Deploy.0 = Debug|Any CPU
		{2B0A2A5C-3032-4A09-8D8E-926ED3D8C6B7}.Development|x86.ActiveCfg = Debug|Any CPU
		{2B0A2A5C-3032-4A09-8D8E-926ED3D8C6B7}.Development|x86.Build.0 = Debug|Any CPU
		{2B0A2A5C-3032-4A09-8D8E-926ED3D8C6B7}.Development|x86.Deploy.0 = Debug|Any CPU
		{2B0A2A5C-3032-4A09-8D8E-926ED3D8C6B7}.Release|Any CPU.ActiveCfg = Release|Any CPU
		{2B0A2A5C-3032-4A09-8D8E-926ED3D8C6B7}.Release|Any CPU.Build.0 = Release|Any CPU
		{2B0A2A5C-3032-4A09-8D8E-926ED3D8C6B7}.Release|Any CPU.Deploy.0 = Release|Any CPU
		{2B0A2A5C-3032-4A09-8D8E-926ED3D8C6B7}.Release|x86.ActiveCfg = Release|Any CPU
		{2B0A2A5C-3032-4A09-8D8E-926ED3D8C6B7}.Release|x86.Build.0 = Release|Any CPU
		{2B0A2A5C-3032-4A09-8D8E-926ED3D8C6B7}.Release|x86.Deploy.0 = Release|Any CPU
		{890B6778-E0D0-4730-8FFE-C80BF7ED5AF2}.Debug|Any CPU.ActiveCfg = Debug|Any CPU
		{890B6778-E0D0-4730-8FFE-C80BF7ED5AF2}.Debug|Any CPU.Build.0 = Debug|Any CPU
		{890B6778-E0D0-4730-8FFE-C80BF7ED5AF2}.Debug|x86.ActiveCfg = Debug|Any CPU
		{890B6778-E0D0-4730-8FFE-C80BF7ED5AF2}.Debug|x86.Build.0 = Debug|Any CPU
		{890B6778-E0D0-4730-8FFE-C80BF7ED5AF2}.Development|Any CPU.ActiveCfg = Debug|Any CPU
		{890B6778-E0D0-4730-8FFE-C80BF7ED5AF2}.Development|Any CPU.Build.0 = Debug|Any CPU
		{890B6778-E0D0-4730-8FFE-C80BF7ED5AF2}.Development|x86.ActiveCfg = Debug|Any CPU
		{890B6778-E0D0-4730-8FFE-C80BF7ED5AF2}.Development|x86.Build.0 = Debug|Any CPU
		{890B6778-E0D0-4730-8FFE-C80BF7ED5AF2}.Release|Any CPU.ActiveCfg = Release|Any CPU
		{890B6778-E0D0-4730-8FFE-C80BF7ED5AF2}.Release|Any CPU.Build.0 = Release|Any CPU
		{890B6778-E0D0-4730-8FFE-C80BF7ED5AF2}.Release|x86.ActiveCfg = Release|Any CPU
		{890B6778-E0D0-4730-8FFE-C80BF7ED5AF2}.Release|x86.Build.0 = Release|Any CPU
		{8CE414BB-95B2-4C99-9E03-51BA72086E22}.Debug|Any CPU.ActiveCfg = Development|x86
		{8CE414BB-95B2-4C99-9E03-51BA72086E22}.Debug|Any CPU.Build.0 = Development|x86
		{8CE414BB-95B2-4C99-9E03-51BA72086E22}.Debug|Any CPU.Deploy.0 = Development|x86
		{8CE414BB-95B2-4C99-9E03-51BA72086E22}.Debug|x86.ActiveCfg = Development|x86
		{8CE414BB-95B2-4C99-9E03-51BA72086E22}.Debug|x86.Build.0 = Development|x86
		{8CE414BB-95B2-4C99-9E03-51BA72086E22}.Debug|x86.Deploy.0 = Development|x86
		{8CE414BB-95B2-4C99-9E03-51BA72086E22}.Development|Any CPU.ActiveCfg = Development|x86
		{8CE414BB-95B2-4C99-9E03-51BA72086E22}.Development|x86.ActiveCfg = Development|x86
		{8CE414BB-95B2-4C99-9E03-51BA72086E22}.Development|x86.Build.0 = Development|x86
		{8CE414BB-95B2-4C99-9E03-51BA72086E22}.Development|x86.Deploy.0 = Development|x86
		{8CE414BB-95B2-4C99-9E03-51BA72086E22}.Release|Any CPU.ActiveCfg = Development|x86
		{8CE414BB-95B2-4C99-9E03-51BA72086E22}.Release|Any CPU.Build.0 = Development|x86
		{8CE414BB-95B2-4C99-9E03-51BA72086E22}.Release|Any CPU.Deploy.0 = Development|x86
		{8CE414BB-95B2-4C99-9E03-51BA72086E22}.Release|x86.ActiveCfg = Development|x86
		{8CE414BB-95B2-4C99-9E03-51BA72086E22}.Release|x86.Build.0 = Development|x86
		{8CE414BB-95B2-4C99-9E03-51BA72086E22}.Release|x86.Deploy.0 = Development|x86
	EndGlobalSection
	GlobalSection(SolutionProperties) = preSolution
		HideSolutionNode = FALSE
	EndGlobalSection
	GlobalSection(ExtensibilityGlobals) = postSolution
		SolutionGuid = {9FB27DF7-81D0-43BA-A9A2-7B9014144EAC}
	EndGlobalSection
EndGlobal
